
Microsoft Visual Studio Solution File, Format Version 12.00
# Visual Studio Version 17
VisualStudioVersion = 17.5.002.0
MinimumVisualStudioVersion = 10.0.40219.1
Project("{9A19103F-16F7-4668-BE54-9A1E7A4F7556}") = "ProyectoHotel", "ProyectoHotel.csproj", "{4C35FA53-66CC-425C-B6F9-D9A88526D4AA}"
EndProject
Global
	GlobalSection(SolutionConfigurationPlatforms) = preSolution
		Debug|Any CPU = Debug|Any CPU
		Release|Any CPU = Release|Any CPU
	EndGlobalSection
	GlobalSection(ProjectConfigurationPlatforms) = postSolution
		{4C35FA53-66CC-425C-B6F9-D9A88526D4AA}.Debug|Any CPU.ActiveCfg = Debug|Any CPU
		{4C35FA53-66CC-425C-B6F9-D9A88526D4AA}.Debug|Any CPU.Build.0 = Debug|Any CPU
		{4C35FA53-66CC-425C-B6F9-D9A88526D4AA}.Release|Any CPU.ActiveCfg = Release|Any CPU
		{4C35FA53-66CC-425C-B6F9-D9A88526D4AA}.Release|Any CPU.Build.0 = Release|Any CPU
	EndGlobalSection
	GlobalSection(SolutionProperties) = preSolution
		HideSolutionNode = FALSE
	EndGlobalSection
	GlobalSection(ExtensibilityGlobals) = postSolution
		SolutionGuid = {A0FF8359-D382-4DA2-9C12-3D58B9CFD3F8}
	EndGlobalSection
EndGlobal
